// !$*UTF8*$!
{
	archiveVersion = 1;
	classes = {
	};
	objectVersion = 56;
	objects = {

/* Begin PBXBuildFile section */
		0C35B1FA29B0D0A800B8BF9C /* OS.swift in Sources */ = {isa = PBXBuildFile; fileRef = 0C35B1F929B0D0A700B8BF9C /* OS.swift */; };
		0C35B1FD29B0D3D700B8BF9C /* AQUI in Frameworks */ = {isa = PBXBuildFile; productRef = 0C35B1FC29B0D3D700B8BF9C /* AQUI */; };
		0C35B1FF29B12BD800B8BF9C /* Ingridients.swift in Sources */ = {isa = PBXBuildFile; fileRef = 0C35B1FE29B12BD800B8BF9C /* Ingridients.swift */; };
		0C35B20229B12FFA00B8BF9C /* SwiftSoup in Frameworks */ = {isa = PBXBuildFile; productRef = 0C35B20129B12FFA00B8BF9C /* SwiftSoup */; };
		0C35B20429B130D400B8BF9C /* ProductsView.swift in Sources */ = {isa = PBXBuildFile; fileRef = 0C35B20329B130D400B8BF9C /* ProductsView.swift */; };
		0C35B20629B1396A00B8BF9C /* Tesco.swift in Sources */ = {isa = PBXBuildFile; fileRef = 0C35B20529B1396A00B8BF9C /* Tesco.swift */; };
		0C88DCAF29AB9F1E00357CCB /* IngridientsApp.swift in Sources */ = {isa = PBXBuildFile; fileRef = 0C88DCAE29AB9F1E00357CCB /* IngridientsApp.swift */; };
		0C88DCB129AB9F1E00357CCB /* ContentView.swift in Sources */ = {isa = PBXBuildFile; fileRef = 0C88DCB029AB9F1E00357CCB /* ContentView.swift */; };
		0C88DCB729AB9F2100357CCB /* Preview Assets.xcassets in Resources */ = {isa = PBXBuildFile; fileRef = 0C88DCB629AB9F2100357CCB /* Preview Assets.xcassets */; };
		0C88DCC129AB9F2100357CCB /* IngridientsTests.swift in Sources */ = {isa = PBXBuildFile; fileRef = 0C88DCC029AB9F2100357CCB /* IngridientsTests.swift */; };
		0C88DCCB29AB9F2100357CCB /* IngridientsUITests.swift in Sources */ = {isa = PBXBuildFile; fileRef = 0C88DCCA29AB9F2100357CCB /* IngridientsUITests.swift */; };
		0C88DCCD29AB9F2100357CCB /* IngridientsUITestsLaunchTests.swift in Sources */ = {isa = PBXBuildFile; fileRef = 0C88DCCC29AB9F2100357CCB /* IngridientsUITestsLaunchTests.swift */; };
		0C88DCDA29ABA3DA00357CCB /* StringExtension.swift in Sources */ = {isa = PBXBuildFile; fileRef = 0C88DCD929ABA3DA00357CCB /* StringExtension.swift */; };
		0C88DCDC29ABA3F800357CCB /* IngridientsSection.swift in Sources */ = {isa = PBXBuildFile; fileRef = 0C88DCDB29ABA3F800357CCB /* IngridientsSection.swift */; };
		0C88DCDE29AC31CA00357CCB /* ComparatorView.swift in Sources */ = {isa = PBXBuildFile; fileRef = 0C88DCDD29AC31CA00357CCB /* ComparatorView.swift */; };
		0C88DCE029AC34A100357CCB /* CheckerView.swift in Sources */ = {isa = PBXBuildFile; fileRef = 0C88DCDF29AC34A100357CCB /* CheckerView.swift */; };
		0C88DCE229AC367B00357CCB /* HighlightedAddableListSection.swift in Sources */ = {isa = PBXBuildFile; fileRef = 0C88DCE129AC367B00357CCB /* HighlightedAddableListSection.swift */; };
		0C88DCE429AC3D0900357CCB /* ConditionalModifiers.swift in Sources */ = {isa = PBXBuildFile; fileRef = 0C88DCE329AC3D0900357CCB /* ConditionalModifiers.swift */; };
		0C8A443F2B9E5ECC00665D66 /* OpenAIKit in Frameworks */ = {isa = PBXBuildFile; productRef = 0C8A443E2B9E5ECC00665D66 /* OpenAIKit */; };
		0C9B1C8329BE8FFB003A3D35 /* StoreProtocol.swift in Sources */ = {isa = PBXBuildFile; fileRef = 0C9B1C8229BE8FFB003A3D35 /* StoreProtocol.swift */; };
		0C9B1C8529BE9066003A3D35 /* ProductCard.swift in Sources */ = {isa = PBXBuildFile; fileRef = 0C9B1C8429BE9066003A3D35 /* ProductCard.swift */; };
		0C9B1C8729C2A107003A3D35 /* Sainsburys.swift in Sources */ = {isa = PBXBuildFile; fileRef = 0C9B1C8629C2A107003A3D35 /* Sainsburys.swift */; };
		0C9B1C8A29C315BD003A3D35 /* Unit.swift in Sources */ = {isa = PBXBuildFile; fileRef = 0C9B1C8929C315BD003A3D35 /* Unit.swift */; };
		0C9B1C8C29C315E5003A3D35 /* SuperStore.swift in Sources */ = {isa = PBXBuildFile; fileRef = 0C9B1C8B29C315E5003A3D35 /* SuperStore.swift */; };
		0C9B1C8E29C31602003A3D35 /* Product.swift in Sources */ = {isa = PBXBuildFile; fileRef = 0C9B1C8D29C31602003A3D35 /* Product.swift */; };
		0CF330C72B9A1EDD00384EF3 /* ViewModifiers.swift in Sources */ = {isa = PBXBuildFile; fileRef = 0CF330C62B9A1EDD00384EF3 /* ViewModifiers.swift */; };
		0CF330C92B9A1FDD00384EF3 /* SettingsView.swift in Sources */ = {isa = PBXBuildFile; fileRef = 0CF330C82B9A1FDD00384EF3 /* SettingsView.swift */; };
		0CF330CD2B9A2ED900384EF3 /* AI.swift in Sources */ = {isa = PBXBuildFile; fileRef = 0CF330CC2B9A2ED900384EF3 /* AI.swift */; };
		0CF330D12B9A346B00384EF3 /* Assets.xcassets in Resources */ = {isa = PBXBuildFile; fileRef = 0CF330D02B9A346B00384EF3 /* Assets.xcassets */; };
		0CF330D42B9A361E00384EF3 /* OpenAI in Frameworks */ = {isa = PBXBuildFile; productRef = 0CF330D32B9A361E00384EF3 /* OpenAI */; };
/* End PBXBuildFile section */

/* Begin PBXContainerItemProxy section */
		0C88DCBD29AB9F2100357CCB /* PBXContainerItemProxy */ = {
			isa = PBXContainerItemProxy;
			containerPortal = 0C88DCA329AB9F1E00357CCB /* Project object */;
			proxyType = 1;
			remoteGlobalIDString = 0C88DCAA29AB9F1E00357CCB;
			remoteInfo = Ingridients;
		};
		0C88DCC729AB9F2100357CCB /* PBXContainerItemProxy */ = {
			isa = PBXContainerItemProxy;
			containerPortal = 0C88DCA329AB9F1E00357CCB /* Project object */;
			proxyType = 1;
			remoteGlobalIDString = 0C88DCAA29AB9F1E00357CCB;
			remoteInfo = Ingridients;
		};
/* End PBXContainerItemProxy section */

/* Begin PBXFileReference section */
		0C35B1F929B0D0A700B8BF9C /* OS.swift */ = {isa = PBXFileReference; lastKnownFileType = sourcecode.swift; path = OS.swift; sourceTree = "<group>"; };
		0C35B1FE29B12BD800B8BF9C /* Ingridients.swift */ = {isa = PBXFileReference; lastKnownFileType = sourcecode.swift; path = Ingridients.swift; sourceTree = "<group>"; };
		0C35B20329B130D400B8BF9C /* ProductsView.swift */ = {isa = PBXFileReference; lastKnownFileType = sourcecode.swift; path = ProductsView.swift; sourceTree = "<group>"; };
		0C35B20529B1396A00B8BF9C /* Tesco.swift */ = {isa = PBXFileReference; lastKnownFileType = sourcecode.swift; path = Tesco.swift; sourceTree = "<group>"; };
		0C88DCAB29AB9F1E00357CCB /* Ingridients.app */ = {isa = PBXFileReference; explicitFileType = wrapper.application; includeInIndex = 0; path = Ingridients.app; sourceTree = BUILT_PRODUCTS_DIR; };
		0C88DCAE29AB9F1E00357CCB /* IngridientsApp.swift */ = {isa = PBXFileReference; lastKnownFileType = sourcecode.swift; path = IngridientsApp.swift; sourceTree = "<group>"; };
		0C88DCB029AB9F1E00357CCB /* ContentView.swift */ = {isa = PBXFileReference; lastKnownFileType = sourcecode.swift; path = ContentView.swift; sourceTree = "<group>"; };
		0C88DCB429AB9F2100357CCB /* Ingridients.entitlements */ = {isa = PBXFileReference; lastKnownFileType = text.plist.entitlements; path = Ingridients.entitlements; sourceTree = "<group>"; };
		0C88DCB629AB9F2100357CCB /* Preview Assets.xcassets */ = {isa = PBXFileReference; lastKnownFileType = folder.assetcatalog; path = "Preview Assets.xcassets"; sourceTree = "<group>"; };
		0C88DCBC29AB9F2100357CCB /* IngridientsTests.xctest */ = {isa = PBXFileReference; explicitFileType = wrapper.cfbundle; includeInIndex = 0; path = IngridientsTests.xctest; sourceTree = BUILT_PRODUCTS_DIR; };
		0C88DCC029AB9F2100357CCB /* IngridientsTests.swift */ = {isa = PBXFileReference; lastKnownFileType = sourcecode.swift; path = IngridientsTests.swift; sourceTree = "<group>"; };
		0C88DCC629AB9F2100357CCB /* IngridientsUITests.xctest */ = {isa = PBXFileReference; explicitFileType = wrapper.cfbundle; includeInIndex = 0; path = IngridientsUITests.xctest; sourceTree = BUILT_PRODUCTS_DIR; };
		0C88DCCA29AB9F2100357CCB /* IngridientsUITests.swift */ = {isa = PBXFileReference; lastKnownFileType = sourcecode.swift; path = IngridientsUITests.swift; sourceTree = "<group>"; };
		0C88DCCC29AB9F2100357CCB /* IngridientsUITestsLaunchTests.swift */ = {isa = PBXFileReference; lastKnownFileType = sourcecode.swift; path = IngridientsUITestsLaunchTests.swift; sourceTree = "<group>"; };
		0C88DCD929ABA3DA00357CCB /* StringExtension.swift */ = {isa = PBXFileReference; lastKnownFileType = sourcecode.swift; path = StringExtension.swift; sourceTree = "<group>"; };
		0C88DCDB29ABA3F800357CCB /* IngridientsSection.swift */ = {isa = PBXFileReference; lastKnownFileType = sourcecode.swift; path = IngridientsSection.swift; sourceTree = "<group>"; };
		0C88DCDD29AC31CA00357CCB /* ComparatorView.swift */ = {isa = PBXFileReference; lastKnownFileType = sourcecode.swift; path = ComparatorView.swift; sourceTree = "<group>"; };
		0C88DCDF29AC34A100357CCB /* CheckerView.swift */ = {isa = PBXFileReference; lastKnownFileType = sourcecode.swift; path = CheckerView.swift; sourceTree = "<group>"; };
		0C88DCE129AC367B00357CCB /* HighlightedAddableListSection.swift */ = {isa = PBXFileReference; lastKnownFileType = sourcecode.swift; path = HighlightedAddableListSection.swift; sourceTree = "<group>"; };
		0C88DCE329AC3D0900357CCB /* ConditionalModifiers.swift */ = {isa = PBXFileReference; lastKnownFileType = sourcecode.swift; path = ConditionalModifiers.swift; sourceTree = "<group>"; };
		0C9B1C8229BE8FFB003A3D35 /* StoreProtocol.swift */ = {isa = PBXFileReference; lastKnownFileType = sourcecode.swift; path = StoreProtocol.swift; sourceTree = "<group>"; };
		0C9B1C8429BE9066003A3D35 /* ProductCard.swift */ = {isa = PBXFileReference; lastKnownFileType = sourcecode.swift; path = ProductCard.swift; sourceTree = "<group>"; };
		0C9B1C8629C2A107003A3D35 /* Sainsburys.swift */ = {isa = PBXFileReference; lastKnownFileType = sourcecode.swift; path = Sainsburys.swift; sourceTree = "<group>"; };
		0C9B1C8929C315BD003A3D35 /* Unit.swift */ = {isa = PBXFileReference; lastKnownFileType = sourcecode.swift; path = Unit.swift; sourceTree = "<group>"; };
		0C9B1C8B29C315E5003A3D35 /* SuperStore.swift */ = {isa = PBXFileReference; lastKnownFileType = sourcecode.swift; path = SuperStore.swift; sourceTree = "<group>"; };
		0C9B1C8D29C31602003A3D35 /* Product.swift */ = {isa = PBXFileReference; lastKnownFileType = sourcecode.swift; path = Product.swift; sourceTree = "<group>"; };
		0CF330C62B9A1EDD00384EF3 /* ViewModifiers.swift */ = {isa = PBXFileReference; lastKnownFileType = sourcecode.swift; path = ViewModifiers.swift; sourceTree = "<group>"; };
		0CF330C82B9A1FDD00384EF3 /* SettingsView.swift */ = {isa = PBXFileReference; lastKnownFileType = sourcecode.swift; path = SettingsView.swift; sourceTree = "<group>"; };
		0CF330CC2B9A2ED900384EF3 /* AI.swift */ = {isa = PBXFileReference; lastKnownFileType = sourcecode.swift; path = AI.swift; sourceTree = "<group>"; };
		0CF330D02B9A346B00384EF3 /* Assets.xcassets */ = {isa = PBXFileReference; lastKnownFileType = folder.assetcatalog; path = Assets.xcassets; sourceTree = "<group>"; };
/* End PBXFileReference section */

/* Begin PBXFrameworksBuildPhase section */
		0C88DCA829AB9F1E00357CCB /* Frameworks */ = {
			isa = PBXFrameworksBuildPhase;
			buildActionMask = 2147483647;
			files = (
				0C35B1FD29B0D3D700B8BF9C /* AQUI in Frameworks */,
				0C8A443F2B9E5ECC00665D66 /* OpenAIKit in Frameworks */,
				0CF330D42B9A361E00384EF3 /* OpenAI in Frameworks */,
				0C35B20229B12FFA00B8BF9C /* SwiftSoup in Frameworks */,
			);
			runOnlyForDeploymentPostprocessing = 0;
		};
		0C88DCB929AB9F2100357CCB /* Frameworks */ = {
			isa = PBXFrameworksBuildPhase;
			buildActionMask = 2147483647;
			files = (
			);
			runOnlyForDeploymentPostprocessing = 0;
		};
		0C88DCC329AB9F2100357CCB /* Frameworks */ = {
			isa = PBXFrameworksBuildPhase;
			buildActionMask = 2147483647;
			files = (
			);
			runOnlyForDeploymentPostprocessing = 0;
		};
/* End PBXFrameworksBuildPhase section */

/* Begin PBXGroup section */
		0C88DCA229AB9F1E00357CCB = {
			isa = PBXGroup;
			children = (
				0C88DCAD29AB9F1E00357CCB /* Ingridients */,
				0C88DCBF29AB9F2100357CCB /* IngridientsTests */,
				0C88DCC929AB9F2100357CCB /* IngridientsUITests */,
				0C88DCAC29AB9F1E00357CCB /* Products */,
			);
			sourceTree = "<group>";
		};
		0C88DCAC29AB9F1E00357CCB /* Products */ = {
			isa = PBXGroup;
			children = (
				0C88DCAB29AB9F1E00357CCB /* Ingridients.app */,
				0C88DCBC29AB9F2100357CCB /* IngridientsTests.xctest */,
				0C88DCC629AB9F2100357CCB /* IngridientsUITests.xctest */,
			);
			name = Products;
			sourceTree = "<group>";
		};
		0C88DCAD29AB9F1E00357CCB /* Ingridients */ = {
			isa = PBXGroup;
			children = (
				0CF330CB2B9A2EBD00384EF3 /* AI */,
				0C9B1C8829C315AB003A3D35 /* Model */,
				0C9B1C8129BE8FBC003A3D35 /* Modifiers&Extensions */,
				0C9B1C8029BE8F83003A3D35 /* StoresView */,
				0C9B1C7F29BE8F63003A3D35 /* StoresAPI */,
				0C88DCAE29AB9F1E00357CCB /* IngridientsApp.swift */,
				0C88DCB029AB9F1E00357CCB /* ContentView.swift */,
				0CF330D02B9A346B00384EF3 /* Assets.xcassets */,
				0C88DCB429AB9F2100357CCB /* Ingridients.entitlements */,
				0C88DCB529AB9F2100357CCB /* Preview Content */,
				0C88DCDB29ABA3F800357CCB /* IngridientsSection.swift */,
				0C88DCDD29AC31CA00357CCB /* ComparatorView.swift */,
				0C88DCDF29AC34A100357CCB /* CheckerView.swift */,
				0C88DCE129AC367B00357CCB /* HighlightedAddableListSection.swift */,
				0C35B1F929B0D0A700B8BF9C /* OS.swift */,
				0CF330C82B9A1FDD00384EF3 /* SettingsView.swift */,
			);
			path = Ingridients;
			sourceTree = "<group>";
		};
		0C88DCB529AB9F2100357CCB /* Preview Content */ = {
			isa = PBXGroup;
			children = (
				0C88DCB629AB9F2100357CCB /* Preview Assets.xcassets */,
			);
			path = "Preview Content";
			sourceTree = "<group>";
		};
		0C88DCBF29AB9F2100357CCB /* IngridientsTests */ = {
			isa = PBXGroup;
			children = (
				0C88DCC029AB9F2100357CCB /* IngridientsTests.swift */,
			);
			path = IngridientsTests;
			sourceTree = "<group>";
		};
		0C88DCC929AB9F2100357CCB /* IngridientsUITests */ = {
			isa = PBXGroup;
			children = (
				0C88DCCA29AB9F2100357CCB /* IngridientsUITests.swift */,
				0C88DCCC29AB9F2100357CCB /* IngridientsUITestsLaunchTests.swift */,
			);
			path = IngridientsUITests;
			sourceTree = "<group>";
		};
		0C9B1C7F29BE8F63003A3D35 /* StoresAPI */ = {
			isa = PBXGroup;
			children = (
				0C35B20529B1396A00B8BF9C /* Tesco.swift */,
				0C9B1C8229BE8FFB003A3D35 /* StoreProtocol.swift */,
				0C9B1C8629C2A107003A3D35 /* Sainsburys.swift */,
				0C9B1C8B29C315E5003A3D35 /* SuperStore.swift */,
			);
			path = StoresAPI;
			sourceTree = "<group>";
		};
		0C9B1C8029BE8F83003A3D35 /* StoresView */ = {
			isa = PBXGroup;
			children = (
				0C35B20329B130D400B8BF9C /* ProductsView.swift */,
				0C9B1C8429BE9066003A3D35 /* ProductCard.swift */,
			);
			path = StoresView;
			sourceTree = "<group>";
		};
		0C9B1C8129BE8FBC003A3D35 /* Modifiers&Extensions */ = {
			isa = PBXGroup;
			children = (
				0C88DCD929ABA3DA00357CCB /* StringExtension.swift */,
				0C88DCE329AC3D0900357CCB /* ConditionalModifiers.swift */,
				0CF330C62B9A1EDD00384EF3 /* ViewModifiers.swift */,
			);
			path = "Modifiers&Extensions";
			sourceTree = "<group>";
		};
		0C9B1C8829C315AB003A3D35 /* Model */ = {
			isa = PBXGroup;
			children = (
				0C9B1C8929C315BD003A3D35 /* Unit.swift */,
				0C9B1C8D29C31602003A3D35 /* Product.swift */,
				0C35B1FE29B12BD800B8BF9C /* Ingridients.swift */,
			);
			path = Model;
			sourceTree = "<group>";
		};
		0CF330CB2B9A2EBD00384EF3 /* AI */ = {
			isa = PBXGroup;
			children = (
				0CF330CC2B9A2ED900384EF3 /* AI.swift */,
			);
			path = AI;
			sourceTree = "<group>";
		};
/* End PBXGroup section */

/* Begin PBXNativeTarget section */
		0C88DCAA29AB9F1E00357CCB /* Ingridients */ = {
			isa = PBXNativeTarget;
			buildConfigurationList = 0C88DCD029AB9F2100357CCB /* Build configuration list for PBXNativeTarget "Ingridients" */;
			buildPhases = (
				0C88DCA729AB9F1E00357CCB /* Sources */,
				0C88DCA829AB9F1E00357CCB /* Frameworks */,
				0C88DCA929AB9F1E00357CCB /* Resources */,
			);
			buildRules = (
			);
			dependencies = (
			);
			name = Ingridients;
			packageProductDependencies = (
				0C35B1FC29B0D3D700B8BF9C /* AQUI */,
				0C35B20129B12FFA00B8BF9C /* SwiftSoup */,
				0CF330D32B9A361E00384EF3 /* OpenAI */,
				0C8A443E2B9E5ECC00665D66 /* OpenAIKit */,
			);
			productName = Ingridients;
			productReference = 0C88DCAB29AB9F1E00357CCB /* Ingridients.app */;
			productType = "com.apple.product-type.application";
		};
		0C88DCBB29AB9F2100357CCB /* IngridientsTests */ = {
			isa = PBXNativeTarget;
			buildConfigurationList = 0C88DCD329AB9F2100357CCB /* Build configuration list for PBXNativeTarget "IngridientsTests" */;
			buildPhases = (
				0C88DCB829AB9F2100357CCB /* Sources */,
				0C88DCB929AB9F2100357CCB /* Frameworks */,
				0C88DCBA29AB9F2100357CCB /* Resources */,
			);
			buildRules = (
			);
			dependencies = (
				0C88DCBE29AB9F2100357CCB /* PBXTargetDependency */,
			);
			name = IngridientsTests;
			productName = IngridientsTests;
			productReference = 0C88DCBC29AB9F2100357CCB /* IngridientsTests.xctest */;
			productType = "com.apple.product-type.bundle.unit-test";
		};
		0C88DCC529AB9F2100357CCB /* IngridientsUITests */ = {
			isa = PBXNativeTarget;
			buildConfigurationList = 0C88DCD629AB9F2100357CCB /* Build configuration list for PBXNativeTarget "IngridientsUITests" */;
			buildPhases = (
				0C88DCC229AB9F2100357CCB /* Sources */,
				0C88DCC329AB9F2100357CCB /* Frameworks */,
				0C88DCC429AB9F2100357CCB /* Resources */,
			);
			buildRules = (
			);
			dependencies = (
				0C88DCC829AB9F2100357CCB /* PBXTargetDependency */,
			);
			name = IngridientsUITests;
			productName = IngridientsUITests;
			productReference = 0C88DCC629AB9F2100357CCB /* IngridientsUITests.xctest */;
			productType = "com.apple.product-type.bundle.ui-testing";
		};
/* End PBXNativeTarget section */

/* Begin PBXProject section */
		0C88DCA329AB9F1E00357CCB /* Project object */ = {
			isa = PBXProject;
			attributes = {
				BuildIndependentTargetsInParallel = 1;
				LastSwiftUpdateCheck = 1420;
				LastUpgradeCheck = 1420;
				TargetAttributes = {
					0C88DCAA29AB9F1E00357CCB = {
						CreatedOnToolsVersion = 14.2;
					};
					0C88DCBB29AB9F2100357CCB = {
						CreatedOnToolsVersion = 14.2;
						TestTargetID = 0C88DCAA29AB9F1E00357CCB;
					};
					0C88DCC529AB9F2100357CCB = {
						CreatedOnToolsVersion = 14.2;
						TestTargetID = 0C88DCAA29AB9F1E00357CCB;
					};
				};
			};
			buildConfigurationList = 0C88DCA629AB9F1E00357CCB /* Build configuration list for PBXProject "Ingridients" */;
			compatibilityVersion = "Xcode 14.0";
			developmentRegion = en;
			hasScannedForEncodings = 0;
			knownRegions = (
				en,
				Base,
			);
			mainGroup = 0C88DCA229AB9F1E00357CCB;
			packageReferences = (
				0C35B1FB29B0D3D700B8BF9C /* XCRemoteSwiftPackageReference "AQUI" */,
				0C35B20029B12FFA00B8BF9C /* XCRemoteSwiftPackageReference "SwiftSoup" */,
				0CF330CA2B9A2E3D00384EF3 /* XCRemoteSwiftPackageReference "SwiftOpenAI" */,
				0CF330D22B9A35BC00384EF3 /* XCRemoteSwiftPackageReference "OpenAI" */,
				0C8A443D2B9E5ECC00665D66 /* XCRemoteSwiftPackageReference "openai-kit" */,
			);
			productRefGroup = 0C88DCAC29AB9F1E00357CCB /* Products */;
			projectDirPath = "";
			projectRoot = "";
			targets = (
				0C88DCAA29AB9F1E00357CCB /* Ingridients */,
				0C88DCBB29AB9F2100357CCB /* IngridientsTests */,
				0C88DCC529AB9F2100357CCB /* IngridientsUITests */,
			);
		};
/* End PBXProject section */

/* Begin PBXResourcesBuildPhase section */
		0C88DCA929AB9F1E00357CCB /* Resources */ = {
			isa = PBXResourcesBuildPhase;
			buildActionMask = 2147483647;
			files = (
				0CF330D12B9A346B00384EF3 /* Assets.xcassets in Resources */,
				0C88DCB729AB9F2100357CCB /* Preview Assets.xcassets in Resources */,
			);
			runOnlyForDeploymentPostprocessing = 0;
		};
		0C88DCBA29AB9F2100357CCB /* Resources */ = {
			isa = PBXResourcesBuildPhase;
			buildActionMask = 2147483647;
			files = (
			);
			runOnlyForDeploymentPostprocessing = 0;
		};
		0C88DCC429AB9F2100357CCB /* Resources */ = {
			isa = PBXResourcesBuildPhase;
			buildActionMask = 2147483647;
			files = (
			);
			runOnlyForDeploymentPostprocessing = 0;
		};
/* End PBXResourcesBuildPhase section */

/* Begin PBXSourcesBuildPhase section */
		0C88DCA729AB9F1E00357CCB /* Sources */ = {
			isa = PBXSourcesBuildPhase;
			buildActionMask = 2147483647;
			files = (
				0C35B1FF29B12BD800B8BF9C /* Ingridients.swift in Sources */,
				0C88DCE029AC34A100357CCB /* CheckerView.swift in Sources */,
				0C88DCE229AC367B00357CCB /* HighlightedAddableListSection.swift in Sources */,
				0CF330C72B9A1EDD00384EF3 /* ViewModifiers.swift in Sources */,
				0C88DCDC29ABA3F800357CCB /* IngridientsSection.swift in Sources */,
				0CF330C92B9A1FDD00384EF3 /* SettingsView.swift in Sources */,
				0C35B20629B1396A00B8BF9C /* Tesco.swift in Sources */,
				0C9B1C8A29C315BD003A3D35 /* Unit.swift in Sources */,
				0C88DCE429AC3D0900357CCB /* ConditionalModifiers.swift in Sources */,
				0C88DCB129AB9F1E00357CCB /* ContentView.swift in Sources */,
				0C9B1C8329BE8FFB003A3D35 /* StoreProtocol.swift in Sources */,
				0C35B20429B130D400B8BF9C /* ProductsView.swift in Sources */,
				0C88DCAF29AB9F1E00357CCB /* IngridientsApp.swift in Sources */,
				0C9B1C8E29C31602003A3D35 /* Product.swift in Sources */,
				0C88DCDA29ABA3DA00357CCB /* StringExtension.swift in Sources */,
				0CF330CD2B9A2ED900384EF3 /* AI.swift in Sources */,
				0C9B1C8729C2A107003A3D35 /* Sainsburys.swift in Sources */,
				0C35B1FA29B0D0A800B8BF9C /* OS.swift in Sources */,
				0C88DCDE29AC31CA00357CCB /* ComparatorView.swift in Sources */,
				0C9B1C8C29C315E5003A3D35 /* SuperStore.swift in Sources */,
				0C9B1C8529BE9066003A3D35 /* ProductCard.swift in Sources */,
			);
			runOnlyForDeploymentPostprocessing = 0;
		};
		0C88DCB829AB9F2100357CCB /* Sources */ = {
			isa = PBXSourcesBuildPhase;
			buildActionMask = 2147483647;
			files = (
				0C88DCC129AB9F2100357CCB /* IngridientsTests.swift in Sources */,
			);
			runOnlyForDeploymentPostprocessing = 0;
		};
		0C88DCC229AB9F2100357CCB /* Sources */ = {
			isa = PBXSourcesBuildPhase;
			buildActionMask = 2147483647;
			files = (
				0C88DCCB29AB9F2100357CCB /* IngridientsUITests.swift in Sources */,
				0C88DCCD29AB9F2100357CCB /* IngridientsUITestsLaunchTests.swift in Sources */,
			);
			runOnlyForDeploymentPostprocessing = 0;
		};
/* End PBXSourcesBuildPhase section */

/* Begin PBXTargetDependency section */
		0C88DCBE29AB9F2100357CCB /* PBXTargetDependency */ = {
			isa = PBXTargetDependency;
			target = 0C88DCAA29AB9F1E00357CCB /* Ingridients */;
			targetProxy = 0C88DCBD29AB9F2100357CCB /* PBXContainerItemProxy */;
		};
		0C88DCC829AB9F2100357CCB /* PBXTargetDependency */ = {
			isa = PBXTargetDependency;
			target = 0C88DCAA29AB9F1E00357CCB /* Ingridients */;
			targetProxy = 0C88DCC729AB9F2100357CCB /* PBXContainerItemProxy */;
		};
/* End PBXTargetDependency section */

/* Begin XCBuildConfiguration section */
		0C88DCCE29AB9F2100357CCB /* Debug */ = {
			isa = XCBuildConfiguration;
			buildSettings = {
				ALWAYS_SEARCH_USER_PATHS = NO;
				CLANG_ANALYZER_NONNULL = YES;
				CLANG_ANALYZER_NUMBER_OBJECT_CONVERSION = YES_AGGRESSIVE;
				CLANG_CXX_LANGUAGE_STANDARD = "gnu++20";
				CLANG_ENABLE_MODULES = YES;
				CLANG_ENABLE_OBJC_ARC = YES;
				CLANG_ENABLE_OBJC_WEAK = YES;
				CLANG_WARN_BLOCK_CAPTURE_AUTORELEASING = YES;
				CLANG_WARN_BOOL_CONVERSION = YES;
				CLANG_WARN_COMMA = YES;
				CLANG_WARN_CONSTANT_CONVERSION = YES;
				CLANG_WARN_DEPRECATED_OBJC_IMPLEMENTATIONS = YES;
				CLANG_WARN_DIRECT_OBJC_ISA_USAGE = YES_ERROR;
				CLANG_WARN_DOCUMENTATION_COMMENTS = YES;
				CLANG_WARN_EMPTY_BODY = YES;
				CLANG_WARN_ENUM_CONVERSION = YES;
				CLANG_WARN_INFINITE_RECURSION = YES;
				CLANG_WARN_INT_CONVERSION = YES;
				CLANG_WARN_NON_LITERAL_NULL_CONVERSION = YES;
				CLANG_WARN_OBJC_IMPLICIT_RETAIN_SELF = YES;
				CLANG_WARN_OBJC_LITERAL_CONVERSION = YES;
				CLANG_WARN_OBJC_ROOT_CLASS = YES_ERROR;
				CLANG_WARN_QUOTED_INCLUDE_IN_FRAMEWORK_HEADER = YES;
				CLANG_WARN_RANGE_LOOP_ANALYSIS = YES;
				CLANG_WARN_STRICT_PROTOTYPES = YES;
				CLANG_WARN_SUSPICIOUS_MOVE = YES;
				CLANG_WARN_UNGUARDED_AVAILABILITY = YES_AGGRESSIVE;
				CLANG_WARN_UNREACHABLE_CODE = YES;
				CLANG_WARN__DUPLICATE_METHOD_MATCH = YES;
				COPY_PHASE_STRIP = NO;
				DEBUG_INFORMATION_FORMAT = dwarf;
				ENABLE_STRICT_OBJC_MSGSEND = YES;
				ENABLE_TESTABILITY = YES;
				GCC_C_LANGUAGE_STANDARD = gnu11;
				GCC_DYNAMIC_NO_PIC = NO;
				GCC_NO_COMMON_BLOCKS = YES;
				GCC_OPTIMIZATION_LEVEL = 0;
				GCC_PREPROCESSOR_DEFINITIONS = (
					"DEBUG=1",
					"$(inherited)",
				);
				GCC_WARN_64_TO_32_BIT_CONVERSION = YES;
				GCC_WARN_ABOUT_RETURN_TYPE = YES_ERROR;
				GCC_WARN_UNDECLARED_SELECTOR = YES;
				GCC_WARN_UNINITIALIZED_AUTOS = YES_AGGRESSIVE;
				GCC_WARN_UNUSED_FUNCTION = YES;
				GCC_WARN_UNUSED_VARIABLE = YES;
				MTL_ENABLE_DEBUG_INFO = INCLUDE_SOURCE;
				MTL_FAST_MATH = YES;
				ONLY_ACTIVE_ARCH = YES;
				SWIFT_ACTIVE_COMPILATION_CONDITIONS = DEBUG;
				SWIFT_OPTIMIZATION_LEVEL = "-Onone";
			};
			name = Debug;
		};
		0C88DCCF29AB9F2100357CCB /* Release */ = {
			isa = XCBuildConfiguration;
			buildSettings = {
				ALWAYS_SEARCH_USER_PATHS = NO;
				CLANG_ANALYZER_NONNULL = YES;
				CLANG_ANALYZER_NUMBER_OBJECT_CONVERSION = YES_AGGRESSIVE;
				CLANG_CXX_LANGUAGE_STANDARD = "gnu++20";
				CLANG_ENABLE_MODULES = YES;
				CLANG_ENABLE_OBJC_ARC = YES;
				CLANG_ENABLE_OBJC_WEAK = YES;
				CLANG_WARN_BLOCK_CAPTURE_AUTORELEASING = YES;
				CLANG_WARN_BOOL_CONVERSION = YES;
				CLANG_WARN_COMMA = YES;
				CLANG_WARN_CONSTANT_CONVERSION = YES;
				CLANG_WARN_DEPRECATED_OBJC_IMPLEMENTATIONS = YES;
				CLANG_WARN_DIRECT_OBJC_ISA_USAGE = YES_ERROR;
				CLANG_WARN_DOCUMENTATION_COMMENTS = YES;
				CLANG_WARN_EMPTY_BODY = YES;
				CLANG_WARN_ENUM_CONVERSION = YES;
				CLANG_WARN_INFINITE_RECURSION = YES;
				CLANG_WARN_INT_CONVERSION = YES;
				CLANG_WARN_NON_LITERAL_NULL_CONVERSION = YES;
				CLANG_WARN_OBJC_IMPLICIT_RETAIN_SELF = YES;
				CLANG_WARN_OBJC_LITERAL_CONVERSION = YES;
				CLANG_WARN_OBJC_ROOT_CLASS = YES_ERROR;
				CLANG_WARN_QUOTED_INCLUDE_IN_FRAMEWORK_HEADER = YES;
				CLANG_WARN_RANGE_LOOP_ANALYSIS = YES;
				CLANG_WARN_STRICT_PROTOTYPES = YES;
				CLANG_WARN_SUSPICIOUS_MOVE = YES;
				CLANG_WARN_UNGUARDED_AVAILABILITY = YES_AGGRESSIVE;
				CLANG_WARN_UNREACHABLE_CODE = YES;
				CLANG_WARN__DUPLICATE_METHOD_MATCH = YES;
				COPY_PHASE_STRIP = NO;
				DEBUG_INFORMATION_FORMAT = "dwarf-with-dsym";
				ENABLE_NS_ASSERTIONS = NO;
				ENABLE_STRICT_OBJC_MSGSEND = YES;
				GCC_C_LANGUAGE_STANDARD = gnu11;
				GCC_NO_COMMON_BLOCKS = YES;
				GCC_WARN_64_TO_32_BIT_CONVERSION = YES;
				GCC_WARN_ABOUT_RETURN_TYPE = YES_ERROR;
				GCC_WARN_UNDECLARED_SELECTOR = YES;
				GCC_WARN_UNINITIALIZED_AUTOS = YES_AGGRESSIVE;
				GCC_WARN_UNUSED_FUNCTION = YES;
				GCC_WARN_UNUSED_VARIABLE = YES;
				MTL_ENABLE_DEBUG_INFO = NO;
				MTL_FAST_MATH = YES;
				SWIFT_COMPILATION_MODE = wholemodule;
				SWIFT_OPTIMIZATION_LEVEL = "-O";
			};
			name = Release;
		};
		0C88DCD129AB9F2100357CCB /* Debug */ = {
			isa = XCBuildConfiguration;
			buildSettings = {
				ASSETCATALOG_COMPILER_APPICON_NAME = AppIcon;
				ASSETCATALOG_COMPILER_GLOBAL_ACCENT_COLOR_NAME = AccentColor;
				CODE_SIGN_ENTITLEMENTS = Ingridients/Ingridients.entitlements;
				CODE_SIGN_STYLE = Automatic;
				CURRENT_PROJECT_VERSION = 1;
				DEVELOPMENT_ASSET_PATHS = "\"Ingridients/Preview Content\"";
				DEVELOPMENT_TEAM = CJT7A7FMC4;
				ENABLE_HARDENED_RUNTIME = YES;
				ENABLE_PREVIEWS = YES;
				GENERATE_INFOPLIST_FILE = YES;
				"INFOPLIST_KEY_UIApplicationSceneManifest_Generation[sdk=iphoneos*]" = YES;
				"INFOPLIST_KEY_UIApplicationSceneManifest_Generation[sdk=iphonesimulator*]" = YES;
				"INFOPLIST_KEY_UIApplicationSupportsIndirectInputEvents[sdk=iphoneos*]" = YES;
				"INFOPLIST_KEY_UIApplicationSupportsIndirectInputEvents[sdk=iphonesimulator*]" = YES;
				"INFOPLIST_KEY_UILaunchScreen_Generation[sdk=iphoneos*]" = YES;
				"INFOPLIST_KEY_UILaunchScreen_Generation[sdk=iphonesimulator*]" = YES;
				"INFOPLIST_KEY_UIStatusBarStyle[sdk=iphoneos*]" = UIStatusBarStyleDefault;
				"INFOPLIST_KEY_UIStatusBarStyle[sdk=iphonesimulator*]" = UIStatusBarStyleDefault;
				INFOPLIST_KEY_UISupportedInterfaceOrientations = "UIInterfaceOrientationLandscapeRight UIInterfaceOrientationPortrait";
				INFOPLIST_KEY_UISupportedInterfaceOrientations_iPad = "UIInterfaceOrientationLandscapeLeft UIInterfaceOrientationLandscapeRight UIInterfaceOrientationPortrait UIInterfaceOrientationPortraitUpsideDown";
				IPHONEOS_DEPLOYMENT_TARGET = 16.2;
				LD_RUNPATH_SEARCH_PATHS = "@executable_path/Frameworks";
				"LD_RUNPATH_SEARCH_PATHS[sdk=macosx*]" = "@executable_path/../Frameworks";
				MACOSX_DEPLOYMENT_TARGET = 13.1;
				MARKETING_VERSION = 1.0;
				PRODUCT_BUNDLE_IDENTIFIER = com.akrp9.Ingridients;
				PRODUCT_NAME = "$(TARGET_NAME)";
				SDKROOT = auto;
				SUPPORTED_PLATFORMS = "iphoneos iphonesimulator macosx";
				SWIFT_EMIT_LOC_STRINGS = YES;
				SWIFT_VERSION = 5.0;
				TARGETED_DEVICE_FAMILY = "1,2";
			};
			name = Debug;
		};
		0C88DCD229AB9F2100357CCB /* Release */ = {
			isa = XCBuildConfiguration;
			buildSettings = {
				ASSETCATALOG_COMPILER_APPICON_NAME = AppIcon;
				ASSETCATALOG_COMPILER_GLOBAL_ACCENT_COLOR_NAME = AccentColor;
				CODE_SIGN_ENTITLEMENTS = Ingridients/Ingridients.entitlements;
				CODE_SIGN_STYLE = Automatic;
				CURRENT_PROJECT_VERSION = 1;
				DEVELOPMENT_ASSET_PATHS = "\"Ingridients/Preview Content\"";
				DEVELOPMENT_TEAM = CJT7A7FMC4;
				ENABLE_HARDENED_RUNTIME = YES;
				ENABLE_PREVIEWS = YES;
				GENERATE_INFOPLIST_FILE = YES;
				"INFOPLIST_KEY_UIApplicationSceneManifest_Generation[sdk=iphoneos*]" = YES;
				"INFOPLIST_KEY_UIApplicationSceneManifest_Generation[sdk=iphonesimulator*]" = YES;
				"INFOPLIST_KEY_UIApplicationSupportsIndirectInputEvents[sdk=iphoneos*]" = YES;
				"INFOPLIST_KEY_UIApplicationSupportsIndirectInputEvents[sdk=iphonesimulator*]" = YES;
				"INFOPLIST_KEY_UILaunchScreen_Generation[sdk=iphoneos*]" = YES;
				"INFOPLIST_KEY_UILaunchScreen_Generation[sdk=iphonesimulator*]" = YES;
				"INFOPLIST_KEY_UIStatusBarStyle[sdk=iphoneos*]" = UIStatusBarStyleDefault;
				"INFOPLIST_KEY_UIStatusBarStyle[sdk=iphonesimulator*]" = UIStatusBarStyleDefault;
				INFOPLIST_KEY_UISupportedInterfaceOrientations = "UIInterfaceOrientationLandscapeRight UIInterfaceOrientationPortrait";
				INFOPLIST_KEY_UISupportedInterfaceOrientations_iPad = "UIInterfaceOrientationLandscapeLeft UIInterfaceOrientationLandscapeRight UIInterfaceOrientationPortrait UIInterfaceOrientationPortraitUpsideDown";
				IPHONEOS_DEPLOYMENT_TARGET = 16.2;
				LD_RUNPATH_SEARCH_PATHS = "@executable_path/Frameworks";
				"LD_RUNPATH_SEARCH_PATHS[sdk=macosx*]" = "@executable_path/../Frameworks";
				MACOSX_DEPLOYMENT_TARGET = 13.1;
				MARKETING_VERSION = 1.0;
				PRODUCT_BUNDLE_IDENTIFIER = com.akrp9.Ingridients;
				PRODUCT_NAME = "$(TARGET_NAME)";
				SDKROOT = auto;
				SUPPORTED_PLATFORMS = "iphoneos iphonesimulator macosx";
				SWIFT_EMIT_LOC_STRINGS = YES;
				SWIFT_VERSION = 5.0;
				TARGETED_DEVICE_FAMILY = "1,2";
			};
			name = Release;
		};
		0C88DCD429AB9F2100357CCB /* Debug */ = {
			isa = XCBuildConfiguration;
			buildSettings = {
				ALWAYS_EMBED_SWIFT_STANDARD_LIBRARIES = YES;
				BUNDLE_LOADER = "$(TEST_HOST)";
				CODE_SIGN_STYLE = Automatic;
				CURRENT_PROJECT_VERSION = 1;
				DEVELOPMENT_TEAM = CJT7A7FMC4;
				GENERATE_INFOPLIST_FILE = YES;
				IPHONEOS_DEPLOYMENT_TARGET = 16.2;
				MACOSX_DEPLOYMENT_TARGET = 13.1;
				MARKETING_VERSION = 1.0;
				PRODUCT_BUNDLE_IDENTIFIER = com.akrp9.IngridientsTests;
				PRODUCT_NAME = "$(TARGET_NAME)";
				SDKROOT = auto;
				SUPPORTED_PLATFORMS = "iphoneos iphonesimulator macosx";
				SWIFT_EMIT_LOC_STRINGS = NO;
				SWIFT_VERSION = 5.0;
				TARGETED_DEVICE_FAMILY = "1,2";
				TEST_HOST = "$(BUILT_PRODUCTS_DIR)/Ingridients.app/$(BUNDLE_EXECUTABLE_FOLDER_PATH)/Ingridients";
			};
			name = Debug;
		};
		0C88DCD529AB9F2100357CCB /* Release */ = {
			isa = XCBuildConfiguration;
			buildSettings = {
				ALWAYS_EMBED_SWIFT_STANDARD_LIBRARIES = YES;
				BUNDLE_LOADER = "$(TEST_HOST)";
				CODE_SIGN_STYLE = Automatic;
				CURRENT_PROJECT_VERSION = 1;
				DEVELOPMENT_TEAM = CJT7A7FMC4;
				GENERATE_INFOPLIST_FILE = YES;
				IPHONEOS_DEPLOYMENT_TARGET = 16.2;
				MACOSX_DEPLOYMENT_TARGET = 13.1;
				MARKETING_VERSION = 1.0;
				PRODUCT_BUNDLE_IDENTIFIER = com.akrp9.IngridientsTests;
				PRODUCT_NAME = "$(TARGET_NAME)";
				SDKROOT = auto;
				SUPPORTED_PLATFORMS = "iphoneos iphonesimulator macosx";
				SWIFT_EMIT_LOC_STRINGS = NO;
				SWIFT_VERSION = 5.0;
				TARGETED_DEVICE_FAMILY = "1,2";
				TEST_HOST = "$(BUILT_PRODUCTS_DIR)/Ingridients.app/$(BUNDLE_EXECUTABLE_FOLDER_PATH)/Ingridients";
			};
			name = Release;
		};
		0C88DCD729AB9F2100357CCB /* Debug */ = {
			isa = XCBuildConfiguration;
			buildSettings = {
				ALWAYS_EMBED_SWIFT_STANDARD_LIBRARIES = YES;
				CODE_SIGN_STYLE = Automatic;
				CURRENT_PROJECT_VERSION = 1;
				DEVELOPMENT_TEAM = CJT7A7FMC4;
				GENERATE_INFOPLIST_FILE = YES;
				IPHONEOS_DEPLOYMENT_TARGET = 16.2;
				MACOSX_DEPLOYMENT_TARGET = 13.1;
				MARKETING_VERSION = 1.0;
				PRODUCT_BUNDLE_IDENTIFIER = com.akrp9.IngridientsUITests;
				PRODUCT_NAME = "$(TARGET_NAME)";
				SDKROOT = auto;
				SUPPORTED_PLATFORMS = "iphoneos iphonesimulator macosx";
				SWIFT_EMIT_LOC_STRINGS = NO;
				SWIFT_VERSION = 5.0;
				TARGETED_DEVICE_FAMILY = "1,2";
				TEST_TARGET_NAME = Ingridients;
			};
			name = Debug;
		};
		0C88DCD829AB9F2100357CCB /* Release */ = {
			isa = XCBuildConfiguration;
			buildSettings = {
				ALWAYS_EMBED_SWIFT_STANDARD_LIBRARIES = YES;
				CODE_SIGN_STYLE = Automatic;
				CURRENT_PROJECT_VERSION = 1;
				DEVELOPMENT_TEAM = CJT7A7FMC4;
				GENERATE_INFOPLIST_FILE = YES;
				IPHONEOS_DEPLOYMENT_TARGET = 16.2;
				MACOSX_DEPLOYMENT_TARGET = 13.1;
				MARKETING_VERSION = 1.0;
				PRODUCT_BUNDLE_IDENTIFIER = com.akrp9.IngridientsUITests;
				PRODUCT_NAME = "$(TARGET_NAME)";
				SDKROOT = auto;
				SUPPORTED_PLATFORMS = "iphoneos iphonesimulator macosx";
				SWIFT_EMIT_LOC_STRINGS = NO;
				SWIFT_VERSION = 5.0;
				TARGETED_DEVICE_FAMILY = "1,2";
				TEST_TARGET_NAME = Ingridients;
			};
			name = Release;
		};
/* End XCBuildConfiguration section */

/* Begin XCConfigurationList section */
		0C88DCA629AB9F1E00357CCB /* Build configuration list for PBXProject "Ingridients" */ = {
			isa = XCConfigurationList;
			buildConfigurations = (
				0C88DCCE29AB9F2100357CCB /* Debug */,
				0C88DCCF29AB9F2100357CCB /* Release */,
			);
			defaultConfigurationIsVisible = 0;
			defaultConfigurationName = Release;
		};
		0C88DCD029AB9F2100357CCB /* Build configuration list for PBXNativeTarget "Ingridients" */ = {
			isa = XCConfigurationList;
			buildConfigurations = (
				0C88DCD129AB9F2100357CCB /* Debug */,
				0C88DCD229AB9F2100357CCB /* Release */,
			);
			defaultConfigurationIsVisible = 0;
			defaultConfigurationName = Release;
		};
		0C88DCD329AB9F2100357CCB /* Build configuration list for PBXNativeTarget "IngridientsTests" */ = {
			isa = XCConfigurationList;
			buildConfigurations = (
				0C88DCD429AB9F2100357CCB /* Debug */,
				0C88DCD529AB9F2100357CCB /* Release */,
			);
			defaultConfigurationIsVisible = 0;
			defaultConfigurationName = Release;
		};
		0C88DCD629AB9F2100357CCB /* Build configuration list for PBXNativeTarget "IngridientsUITests" */ = {
			isa = XCConfigurationList;
			buildConfigurations = (
				0C88DCD729AB9F2100357CCB /* Debug */,
				0C88DCD829AB9F2100357CCB /* Release */,
			);
			defaultConfigurationIsVisible = 0;
			defaultConfigurationName = Release;
		};
/* End XCConfigurationList section */

/* Begin XCRemoteSwiftPackageReference section */
		0C35B1FB29B0D3D700B8BF9C /* XCRemoteSwiftPackageReference "AQUI" */ = {
			isa = XCRemoteSwiftPackageReference;
			repositoryURL = "https://github.com/AlanQuatermain/AQUI.git";
			requirement = {
				branch = master;
				kind = branch;
			};
		};
		0C35B20029B12FFA00B8BF9C /* XCRemoteSwiftPackageReference "SwiftSoup" */ = {
			isa = XCRemoteSwiftPackageReference;
			repositoryURL = "https://github.com/scinfu/SwiftSoup";
			requirement = {
				kind = upToNextMajorVersion;
				minimumVersion = 2.0.0;
			};
		};
		0C8A443D2B9E5ECC00665D66 /* XCRemoteSwiftPackageReference "openai-kit" */ = {
			isa = XCRemoteSwiftPackageReference;
			repositoryURL = "https://github.com/dylanshine/openai-kit.git";
			requirement = {
				kind = upToNextMajorVersion;
				minimumVersion = 1.8.2;
			};
		};
		0CF330CA2B9A2E3D00384EF3 /* XCRemoteSwiftPackageReference "SwiftOpenAI" */ = {
			isa = XCRemoteSwiftPackageReference;
			repositoryURL = "https://github.com/SwiftBeta/SwiftOpenAI.git";
			requirement = {
				kind = upToNextMajorVersion;
				minimumVersion = 1.4.1;
			};
		};
		0CF330D22B9A35BC00384EF3 /* XCRemoteSwiftPackageReference "OpenAI" */ = {
			isa = XCRemoteSwiftPackageReference;
			repositoryURL = "https://github.com/MacPaw/OpenAI.git";
			requirement = {
				kind = upToNextMajorVersion;
				minimumVersion = 0.2.6;
			};
		};
/* End XCRemoteSwiftPackageReference section */

/* Begin XCSwiftPackageProductDependency section */
		0C35B1FC29B0D3D700B8BF9C /* AQUI */ = {
			isa = XCSwiftPackageProductDependency;
			package = 0C35B1FB29B0D3D700B8BF9C /* XCRemoteSwiftPackageReference "AQUI" */;
			productName = AQUI;
		};
		0C35B20129B12FFA00B8BF9C /* SwiftSoup */ = {
			isa = XCSwiftPackageProductDependency;
			package = 0C35B20029B12FFA00B8BF9C /* XCRemoteSwiftPackageReference "SwiftSoup" */;
			productName = SwiftSoup;
		};
		0C8A443E2B9E5ECC00665D66 /* OpenAIKit */ = {
			isa = XCSwiftPackageProductDependency;
			package = 0C8A443D2B9E5ECC00665D66 /* XCRemoteSwiftPackageReference "openai-kit" */;
			productName = OpenAIKit;
		};
		0CF330D32B9A361E00384EF3 /* OpenAI */ = {
			isa = XCSwiftPackageProductDependency;
			package = 0CF330D22B9A35BC00384EF3 /* XCRemoteSwiftPackageReference "OpenAI" */;
			productName = OpenAI;
		};
/* End XCSwiftPackageProductDependency section */
	};
	rootObject = 0C88DCA329AB9F1E00357CCB /* Project object */;
}
